
Microsoft Visual Studio Solution File, Format Version 12.00
# Visual Studio Version 16
VisualStudioVersion = 16.0.32228.343
MinimumVisualStudioVersion = 10.0.40219.1
Project("{FAE04EC0-301F-11D3-BF4B-00C04F79EFBC}") = "Dealership2", "Dealership2\Dealership2.csproj", "{1C27723A-15C5-46A6-AC32-AF8E8089FEC6}"
EndProject
Global
	GlobalSection(SolutionConfigurationPlatforms) = preSolution
		Debug|Any CPU = Debug|Any CPU
		Release|Any CPU = Release|Any CPU
	EndGlobalSection
	GlobalSection(ProjectConfigurationPlatforms) = postSolution
		{1C27723A-15C5-46A6-AC32-AF8E8089FEC6}.Debug|Any CPU.ActiveCfg = Debug|Any CPU
		{1C27723A-15C5-46A6-AC32-AF8E8089FEC6}.Debug|Any CPU.Build.0 = Debug|Any CPU
		{1C27723A-15C5-46A6-AC32-AF8E8089FEC6}.Release|Any CPU.ActiveCfg = Release|Any CPU
		{1C27723A-15C5-46A6-AC32-AF8E8089FEC6}.Release|Any CPU.Build.0 = Release|Any CPU
	EndGlobalSection
	GlobalSection(SolutionProperties) = preSolution
		HideSolutionNode = FALSE
	EndGlobalSection
	GlobalSection(ExtensibilityGlobals) = postSolution
		SolutionGuid = {316339D2-8975-49F4-AF03-902B1A281703}
	EndGlobalSection
EndGlobal
